{
  "name": "volto-ckeditor",
  "version": "1.0.0",
  "lockfileVersion": 1,
  "requires": true,
  "dependencies": {
    "@ckeditor/ckeditor5-basic-styles": {
      "version": "11.1.4",
      "resolved": "https://registry.npmjs.org/@ckeditor/ckeditor5-basic-styles/-/ckeditor5-basic-styles-11.1.4.tgz",
      "integrity": "sha512-ww+I0LPlPrd0xAJz/GV1TFUT/za85G9nbQ8mgqz2CikCDyFnMd4ZyLiqg/v12PrMQ/bU7Gnei2P6xpUVpq3x8Q==",
      "requires": {
        "@ckeditor/ckeditor5-core": "^12.3.0",
        "@ckeditor/ckeditor5-ui": "^14.0.0"
      }
    },
    "@ckeditor/ckeditor5-build-balloon-block": {
      "version": "12.4.0",
      "resolved": "https://registry.npmjs.org/@ckeditor/ckeditor5-build-balloon-block/-/ckeditor5-build-balloon-block-12.4.0.tgz",
      "integrity": "sha512-SXjJo+GLiiecbDetj3R0iYY2Lq6zTJlp2B8Jvd+j5c5Zqd5HVG14g8Kow53sseT4gfciyyd75T/7DP+LbkKB/w=="
    },
    "@ckeditor/ckeditor5-build-classic": {
      "version": "12.4.0",
      "resolved": "https://registry.npmjs.org/@ckeditor/ckeditor5-build-classic/-/ckeditor5-build-classic-12.4.0.tgz",
      "integrity": "sha512-KzndcFz45e96z/ErToABYFf7mtcHyPCyNzzobAkpBRzKqBoS0CMDmLjHWWnL0ite39oidgBJ7PXt+iRl7p+5jA=="
    },
    "@ckeditor/ckeditor5-clipboard": {
      "version": "12.0.2",
      "resolved": "https://registry.npmjs.org/@ckeditor/ckeditor5-clipboard/-/ckeditor5-clipboard-12.0.2.tgz",
      "integrity": "sha512-dSxC87lZ1sK1jNawf5uVYxpaqsrkeFqBQKQVPB1vCu9fAU789ebqBAlQK+fJWfuKyxM9zqaA2rsCwqmUBH6Dzg==",
      "requires": {
        "@ckeditor/ckeditor5-core": "^12.3.0",
        "@ckeditor/ckeditor5-engine": "^14.0.0",
        "@ckeditor/ckeditor5-utils": "^14.0.0"
      }
    },
    "@ckeditor/ckeditor5-core": {
      "version": "12.3.0",
      "resolved": "https://registry.npmjs.org/@ckeditor/ckeditor5-core/-/ckeditor5-core-12.3.0.tgz",
      "integrity": "sha512-uUK+snI1G9b/kHOqULpEM+b3PCppQOOGkBg+eP/xggn3WPn33u2eh44RPpArsjx80dg5GWx+uj6E7OFdPylHLA==",
      "requires": {
        "@ckeditor/ckeditor5-engine": "^14.0.0",
        "@ckeditor/ckeditor5-utils": "^14.0.0",
        "lodash-es": "^4.17.10"
      }
    },
    "@ckeditor/ckeditor5-editor-classic": {
      "version": "12.1.4",
      "resolved": "https://registry.npmjs.org/@ckeditor/ckeditor5-editor-classic/-/ckeditor5-editor-classic-12.1.4.tgz",
      "integrity": "sha512-JovLzJHjAAJOyRVlQX7uqM2GCQhtnw82ekBwLHkE6O0PT6qXH7Psj9OmWlyKY1lOAVYl6JMevvqoVjPs1qcmsQ==",
      "requires": {
        "@ckeditor/ckeditor5-core": "^12.3.0",
        "@ckeditor/ckeditor5-engine": "^14.0.0",
        "@ckeditor/ckeditor5-ui": "^14.0.0",
        "@ckeditor/ckeditor5-utils": "^14.0.0",
        "lodash-es": "^4.17.10"
      }
    },
    "@ckeditor/ckeditor5-engine": {
      "version": "14.0.0",
      "resolved": "https://registry.npmjs.org/@ckeditor/ckeditor5-engine/-/ckeditor5-engine-14.0.0.tgz",
      "integrity": "sha512-Y9EWmWwJ6anckAdSDhAFkMryz494y2LsBlF9o/wY3ChwfpEODpaaADBh22yFqQp6PXrFvk4LmAOJeOyTeA13FA==",
      "requires": {
        "@ckeditor/ckeditor5-utils": "^14.0.0",
        "lodash-es": "^4.17.10"
      }
    },
    "@ckeditor/ckeditor5-enter": {
      "version": "11.1.0",
      "resolved": "https://registry.npmjs.org/@ckeditor/ckeditor5-enter/-/ckeditor5-enter-11.1.0.tgz",
      "integrity": "sha512-VbNriGoBDjZ/+FU9X8tmgPYTxUQTaZ6zQ17W4oF6ZhPOvWVwPSaoDpxrD+7AilNLLcrfAWJTiMqJSoJz4pN4cA==",
      "requires": {
        "@ckeditor/ckeditor5-core": "^12.3.0",
        "@ckeditor/ckeditor5-engine": "^14.0.0",
        "@ckeditor/ckeditor5-utils": "^14.0.0"
      }
    },
    "@ckeditor/ckeditor5-essentials": {
      "version": "11.0.5",
      "resolved": "https://registry.npmjs.org/@ckeditor/ckeditor5-essentials/-/ckeditor5-essentials-11.0.5.tgz",
      "integrity": "sha512-1BaZKzZD5J6MelZWX/QUd6L6QCbTK2up+aFKExuULExu7DOKuHK8HJGjyWGl97Z0hci3RFTJ8SWnXa4SQjQBKg==",
      "requires": {
        "@ckeditor/ckeditor5-clipboard": "^12.0.2",
        "@ckeditor/ckeditor5-core": "^12.3.0",
        "@ckeditor/ckeditor5-enter": "^11.1.0",
        "@ckeditor/ckeditor5-typing": "^12.2.0",
        "@ckeditor/ckeditor5-undo": "^11.0.5"
      }
    },
    "@ckeditor/ckeditor5-heading": {
      "version": "11.0.5",
      "resolved": "https://registry.npmjs.org/@ckeditor/ckeditor5-heading/-/ckeditor5-heading-11.0.5.tgz",
      "integrity": "sha512-8Z7KI13YtqN0GsIrA/X0AgpGsxe0KaDM5i3uXA6bspHMEtavZOoj9O2W1DkV8oH/umAUIlgoQNthb3lS77ljuQ==",
      "requires": {
        "@ckeditor/ckeditor5-core": "^12.3.0",
        "@ckeditor/ckeditor5-paragraph": "^11.0.5",
        "@ckeditor/ckeditor5-ui": "^14.0.0",
        "@ckeditor/ckeditor5-utils": "^14.0.0"
      }
    },
    "@ckeditor/ckeditor5-paragraph": {
      "version": "11.0.5",
      "resolved": "https://registry.npmjs.org/@ckeditor/ckeditor5-paragraph/-/ckeditor5-paragraph-11.0.5.tgz",
      "integrity": "sha512-/E4RhtVXNC7IPHkQyNdPyl362mivzLbYMHMKhhDXnPFjHwBZMYbiVpzH+K5Fpajkzl1SYb2PPO5uh7JF5BlhbA==",
      "requires": {
        "@ckeditor/ckeditor5-core": "^12.3.0",
        "@ckeditor/ckeditor5-ui": "^14.0.0",
        "@ckeditor/ckeditor5-utils": "^14.0.0"
      }
    },
    "@ckeditor/ckeditor5-react": {
      "version": "1.1.3",
      "resolved": "https://registry.npmjs.org/@ckeditor/ckeditor5-react/-/ckeditor5-react-1.1.3.tgz",
      "integrity": "sha512-h5jgUOkGt8up3yjyOP7LXJTuhMtbiUnDn1Bv4FEJ5Bjl4hs5cDk1+U8sghog/KJ3C84kCHn5P81slo0JzUuYyQ==",
      "requires": {
        "prop-types": "^15.6.1"
      }
    },
    "@ckeditor/ckeditor5-typing": {
      "version": "12.2.0",
      "resolved": "https://registry.npmjs.org/@ckeditor/ckeditor5-typing/-/ckeditor5-typing-12.2.0.tgz",
      "integrity": "sha512-XCQbYYwgTJw2G+6/SPh2/p2rDeSL/7HbXi8Q9yvfZkoH4OhljwlwIoztDrVSIPYeMkPn2C2hCDxxfAPLbs7J5Q==",
      "requires": {
        "@ckeditor/ckeditor5-core": "^12.3.0",
        "@ckeditor/ckeditor5-engine": "^14.0.0",
        "@ckeditor/ckeditor5-utils": "^14.0.0",
        "lodash-es": "^4.17.10"
      }
    },
    "@ckeditor/ckeditor5-ui": {
      "version": "14.0.0",
      "resolved": "https://registry.npmjs.org/@ckeditor/ckeditor5-ui/-/ckeditor5-ui-14.0.0.tgz",
      "integrity": "sha512-zV4o4K5zUMcDr2q3Mmohisb2VTNFFsJ4BvhUt6jCNgM0kD6M4BwalmG7XdaXWMqOh15iqLC4f0p93/6DloyD+Q==",
      "requires": {
        "@ckeditor/ckeditor5-core": "^12.3.0",
        "@ckeditor/ckeditor5-utils": "^14.0.0",
        "lodash-es": "^4.17.10"
      }
    },
    "@ckeditor/ckeditor5-undo": {
      "version": "11.0.5",
      "resolved": "https://registry.npmjs.org/@ckeditor/ckeditor5-undo/-/ckeditor5-undo-11.0.5.tgz",
      "integrity": "sha512-U1YP673ICdLyfMQTuIuhr6ZJUQK53cGQSSTFUuzvwDsKOqevPWg1KLQ6Px9KBNNHOFwxFwZZWZw26PBFrkN74g==",
      "requires": {
        "@ckeditor/ckeditor5-core": "^12.3.0",
        "@ckeditor/ckeditor5-engine": "^14.0.0",
        "@ckeditor/ckeditor5-ui": "^14.0.0"
      }
    },
    "@ckeditor/ckeditor5-utils": {
      "version": "14.0.0",
      "resolved": "https://registry.npmjs.org/@ckeditor/ckeditor5-utils/-/ckeditor5-utils-14.0.0.tgz",
      "integrity": "sha512-JC9sDlRbvmhL+Gqpq4HPZkrnpMFgEwlkVNUd2RKD/heOvzdpMfpLnIFpdXi1ohx/LQHDC9GZce0t6NJM5PbGoA==",
      "requires": {
        "ckeditor5": "^12.4.0",
        "lodash-es": "^4.17.10"
      }
    },
    "ckeditor5": {
      "version": "12.4.0",
      "resolved": "https://registry.npmjs.org/ckeditor5/-/ckeditor5-12.4.0.tgz",
      "integrity": "sha512-gd6PGm3pId5KibAZNvACc5NN657xP0IEyqziRI0tBFnLyXgDjw3e8Uu2zkIEUbxPR2vXG1J7PoqS9ZxJuE9XTQ=="
    },
    "js-tokens": {
      "version": "4.0.0",
      "resolved": "https://registry.npmjs.org/js-tokens/-/js-tokens-4.0.0.tgz",
      "integrity": "sha512-RdJUflcE3cUzKiMqQgsCu06FPu9UdIJO0beYbPhHN4k6apgJtifcoCtT9bcxOpYBtpD2kCM6Sbzg4CausW/PKQ=="
    },
    "lodash-es": {
      "version": "4.17.15",
      "resolved": "https://registry.npmjs.org/lodash-es/-/lodash-es-4.17.15.tgz",
      "integrity": "sha512-rlrc3yU3+JNOpZ9zj5pQtxnx2THmvRykwL4Xlxoa8I9lHBlVbbyPhgyPMioxVZ4NqyxaVVtaJnzsyOidQIhyyQ=="
    },
    "loose-envify": {
      "version": "1.4.0",
      "resolved": "https://registry.npmjs.org/loose-envify/-/loose-envify-1.4.0.tgz",
      "integrity": "sha512-lyuxPGr/Wfhrlem2CL/UcnUc1zcqKAImBDzukY7Y5F/yQiNdko6+fRLevlw1HgMySw7f611UIY408EtxRSoK3Q==",
      "requires": {
        "js-tokens": "^3.0.0 || ^4.0.0"
      }
    },
    "object-assign": {
      "version": "4.1.1",
      "resolved": "https://registry.npmjs.org/object-assign/-/object-assign-4.1.1.tgz",
      "integrity": "sha1-IQmtx5ZYh8/AXLvUQsrIv7s2CGM="
    },
    "prop-types": {
      "version": "15.7.2",
      "resolved": "https://registry.npmjs.org/prop-types/-/prop-types-15.7.2.tgz",
      "integrity": "sha512-8QQikdH7//R2vurIJSutZ1smHYTcLpRWEOlHnzcWHmBYrOGUysKwSsrC89BCiFj3CbrfJ/nXFdJepOVrY1GCHQ==",
      "requires": {
        "loose-envify": "^1.4.0",
        "object-assign": "^4.1.1",
        "react-is": "^16.8.1"
      }
    },
    "react-is": {
      "version": "16.12.0",
      "resolved": "https://registry.npmjs.org/react-is/-/react-is-16.12.0.tgz",
      "integrity": "sha512-rPCkf/mWBtKc97aLL9/txD8DZdemK0vkA3JMLShjlJB3Pj3s+lpf1KaBzMfQrAmhMQB0n1cU/SUGgKKBCe837Q=="
    }
  }
}
